
Microsoft Visual Studio Solution File, Format Version 12.00
# Visual Studio Version 17
VisualStudioVersion = 17.12.35527.113 d17.12
MinimumVisualStudioVersion = 10.0.40219.1
Project("{2150E333-8FDC-42A3-9474-1A3956D46DE8}") = "src", "src", "{3EF9A95D-6F38-4CEA-9ADC-931D93C6DDCC}"
EndProject
Project("{2150E333-8FDC-42A3-9474-1A3956D46DE8}") = "test", "test", "{6BB8CE45-7E0A-43EF-9D2C-34E152BD4EBC}"
EndProject
Project("{2150E333-8FDC-42A3-9474-1A3956D46DE8}") = "devops", "devops", "{33644A45-3C42-4A15-ADF9-A4FE93980C73}"
EndProject
Project("{FAE04EC0-301F-11D3-BF4B-00C04F79EFBC}") = "Vicgital.Core.Caching", "src\Vicgital.Core.Caching\Vicgital.Core.Caching.csproj", "{E9A2C6ED-131E-40FA-BEBD-21DC4F5D47E7}"
EndProject
Global
	GlobalSection(SolutionConfigurationPlatforms) = preSolution
		Debug|Any CPU = Debug|Any CPU
		Release|Any CPU = Release|Any CPU
	EndGlobalSection
	GlobalSection(ProjectConfigurationPlatforms) = postSolution
		{E9A2C6ED-131E-40FA-BEBD-21DC4F5D47E7}.Debug|Any CPU.ActiveCfg = Debug|Any CPU
		{E9A2C6ED-131E-40FA-BEBD-21DC4F5D47E7}.Debug|Any CPU.Build.0 = Debug|Any CPU
		{E9A2C6ED-131E-40FA-BEBD-21DC4F5D47E7}.Release|Any CPU.ActiveCfg = Release|Any CPU
		{E9A2C6ED-131E-40FA-BEBD-21DC4F5D47E7}.Release|Any CPU.Build.0 = Release|Any CPU
	EndGlobalSection
	GlobalSection(SolutionProperties) = preSolution
		HideSolutionNode = FALSE
	EndGlobalSection
	GlobalSection(NestedProjects) = preSolution
		{E9A2C6ED-131E-40FA-BEBD-21DC4F5D47E7} = {3EF9A95D-6F38-4CEA-9ADC-931D93C6DDCC}
	EndGlobalSection
EndGlobal
